<?xml version="1.0" encoding="utf-8"?>
<Project ToolsVersion="4.0" xmlns="http://schemas.microsoft.com/developer/msbuild/2003">
  <ItemGroup>
    <Filter Include="src">
      <UniqueIdentifier>{83266fab-ee3e-4bf2-9f17-fe9c7d7bbf41}</UniqueIdentifier>
    </Filter>
    <Filter Include="include">
      <UniqueIdentifier>{5ea5ebe0-f203-4352-8ace-c9500fb0184b}</UniqueIdentifier>
    </Filter>
  </ItemGroup>
  <ItemGroup>
    <ClCompile Include="..\src\YFWindowFrame.cpp">
      <Filter>src</Filter>
    </ClCompile>
  </ItemGroup>
  <ItemGroup>
    <ClInclude Include="..\include\YFWindowFrame.h">
      <Filter>include</Filter>
    </ClInclude>
    <ClInclude Include="..\include\YFEngine.h">
      <Filter>include</Filter>
    </ClInclude>
  </ItemGroup>
</Project>